
Microsoft Visual Studio Solution File, Format Version 12.00
# Visual Studio Version 17
VisualStudioVersion = 17.8.34330.188
MinimumVisualStudioVersion = 10.0.40219.1
Project("{FAE04EC0-301F-11D3-BF4B-00C04F79EFBC}") = "Assigment_03_SimpleVectorOperation", "Assigment_03_SimpleVectorOperation.csproj", "{EE3C89A2-B8A4-41A4-94D7-76A2DA8C54D9}"
EndProject
Global
	GlobalSection(SolutionConfigurationPlatforms) = preSolution
		Debug|Any CPU = Debug|Any CPU
		Release|Any CPU = Release|Any CPU
	EndGlobalSection
	GlobalSection(ProjectConfigurationPlatforms) = postSolution
		{EE3C89A2-B8A4-41A4-94D7-76A2DA8C54D9}.Debug|Any CPU.ActiveCfg = Debug|Any CPU
		{EE3C89A2-B8A4-41A4-94D7-76A2DA8C54D9}.Debug|Any CPU.Build.0 = Debug|Any CPU
		{EE3C89A2-B8A4-41A4-94D7-76A2DA8C54D9}.Release|Any CPU.ActiveCfg = Release|Any CPU
		{EE3C89A2-B8A4-41A4-94D7-76A2DA8C54D9}.Release|Any CPU.Build.0 = Release|Any CPU
	EndGlobalSection
	GlobalSection(SolutionProperties) = preSolution
		HideSolutionNode = FALSE
	EndGlobalSection
	GlobalSection(ExtensibilityGlobals) = postSolution
		SolutionGuid = {FE8F23B0-80BA-48B6-9B8B-FD09FC6EA75E}
	EndGlobalSection
EndGlobal
